
Microsoft Visual Studio Solution File, Format Version 12.00
# Visual Studio Version 17
VisualStudioVersion = 17.4.33205.214
MinimumVisualStudioVersion = 10.0.40219.1
Project("{FAE04EC0-301F-11D3-BF4B-00C04F79EFBC}") = "CSharp", "CSharp\CSharp.csproj", "{4BA5F868-191D-42FD-951E-BA9112E7DACB}"
EndProject
Global
	GlobalSection(SolutionConfigurationPlatforms) = preSolution
		Debug|Any CPU = Debug|Any CPU
		Release|Any CPU = Release|Any CPU
	EndGlobalSection
	GlobalSection(ProjectConfigurationPlatforms) = postSolution
		{4BA5F868-191D-42FD-951E-BA9112E7DACB}.Debug|Any CPU.ActiveCfg = Debug|Any CPU
		{4BA5F868-191D-42FD-951E-BA9112E7DACB}.Debug|Any CPU.Build.0 = Debug|Any CPU
		{4BA5F868-191D-42FD-951E-BA9112E7DACB}.Release|Any CPU.ActiveCfg = Release|Any CPU
		{4BA5F868-191D-42FD-951E-BA9112E7DACB}.Release|Any CPU.Build.0 = Release|Any CPU
	EndGlobalSection
	GlobalSection(SolutionProperties) = preSolution
		HideSolutionNode = FALSE
	EndGlobalSection
	GlobalSection(ExtensibilityGlobals) = postSolution
		SolutionGuid = {5023B394-75CD-4434-9260-78381EC035D7}
	EndGlobalSection
EndGlobal
